
Microsoft Visual Studio Solution File, Format Version 12.00
# Visual Studio Version 17
VisualStudioVersion = 17.13.35931.197 d17.13
MinimumVisualStudioVersion = 10.0.40219.1
Project("{FAE04EC0-301F-11D3-BF4B-00C04F79EFBC}") = "App_Clinica", "App_Clinica\App_Clinica.csproj", "{1C540FEA-47BF-4AEA-927F-33726752CE12}"
EndProject
Global
	GlobalSection(SolutionConfigurationPlatforms) = preSolution
		Debug|Any CPU = Debug|Any CPU
		Release|Any CPU = Release|Any CPU
	EndGlobalSection
	GlobalSection(ProjectConfigurationPlatforms) = postSolution
		{1C540FEA-47BF-4AEA-927F-33726752CE12}.Debug|Any CPU.ActiveCfg = Debug|Any CPU
		{1C540FEA-47BF-4AEA-927F-33726752CE12}.Debug|Any CPU.Build.0 = Debug|Any CPU
		{1C540FEA-47BF-4AEA-927F-33726752CE12}.Release|Any CPU.ActiveCfg = Release|Any CPU
		{1C540FEA-47BF-4AEA-927F-33726752CE12}.Release|Any CPU.Build.0 = Release|Any CPU
	EndGlobalSection
	GlobalSection(SolutionProperties) = preSolution
		HideSolutionNode = FALSE
	EndGlobalSection
	GlobalSection(ExtensibilityGlobals) = postSolution
		SolutionGuid = {DAB0D04D-1130-4B49-AD99-C97675957B03}
	EndGlobalSection
EndGlobal
